
Microsoft Visual Studio Solution File, Format Version 12.00
# Visual Studio 2013
VisualStudioVersion = 12.0.30501.0
MinimumVisualStudioVersion = 10.0.40219.1
Project("{FAE04EC0-301F-11D3-BF4B-00C04F79EFBC}") = "MainWindow", "MainWindow\MainWindow.csproj", "{86723610-9A18-4C22-BEB8-0F118CD694CF}"
EndProject
Project("{FAE04EC0-301F-11D3-BF4B-00C04F79EFBC}") = "Managed.AndroidDebugBridge", "Managed.AndroidDebugBridge\Managed.AndroidDebugBridge.csproj", "{27CAE1BA-6BAC-4F69-A92F-057FF30082A2}"
EndProject
Project("{FAE04EC0-301F-11D3-BF4B-00C04F79EFBC}") = "Profiler.DeviceMonitor", "Profiler.DeviceMonitor\Profiler.DeviceMonitor.csproj", "{4D01A25B-B649-4E1E-BBA0-7809B26C489E}"
EndProject
Project("{FAE04EC0-301F-11D3-BF4B-00C04F79EFBC}") = "Profiler.LogManager", "Profiler.LogManager\Profiler.LogManager.csproj", "{2E8AF5A7-80A0-4C2F-81E7-93460FC19664}"
EndProject
Project("{FAE04EC0-301F-11D3-BF4B-00C04F79EFBC}") = "Profiler.Analyzer.Performance", "Profiler.Analyzer.Performance\Profiler.Analyzer.Performance.csproj", "{FD2FBB90-B2EC-4552-ACF6-D2F1517A384F}"
EndProject
Project("{FAE04EC0-301F-11D3-BF4B-00C04F79EFBC}") = "protobuf-net", "protobuf-net\protobuf-net.csproj", "{8374E4D7-2A91-48F1-9360-09B09CF27C3F}"
EndProject
Project("{FAE04EC0-301F-11D3-BF4B-00C04F79EFBC}") = "OratorPluginBase", "OratorPluginBase\OratorPluginBase.csproj", "{96F98CD8-19A7-4CE9-AB16-35E4817DD3BC}"
EndProject
Project("{FAE04EC0-301F-11D3-BF4B-00C04F79EFBC}") = "OratorCommonUtilities", "OratorCommonUtilities\OratorCommonUtilities.csproj", "{9187788B-F9B0-4CBC-8FED-34E4F81CBAC8}"
EndProject
Project("{FAE04EC0-301F-11D3-BF4B-00C04F79EFBC}") = "TestAdb", "TestAdb\TestAdb.csproj", "{A372DB12-D82F-4380-9707-5A38F38DDD68}"
EndProject
Project("{FAE04EC0-301F-11D3-BF4B-00C04F79EFBC}") = "TestControls", "TestControls\TestControls.csproj", "{49B5717D-3394-46D1-8BE3-D78BB4734F1C}"
EndProject
Project("{FAE04EC0-301F-11D3-BF4B-00C04F79EFBC}") = "Xceed.Wpf.AvalonDock", "Xceed.Wpf.AvalonDock\Xceed.Wpf.AvalonDock.csproj", "{DB81988F-E0F2-45A0-A1FD-8C37F3D35244}"
EndProject
Global
	GlobalSection(SolutionConfigurationPlatforms) = preSolution
		CoreOnly|Any CPU = CoreOnly|Any CPU
		CoreOnly|Mixed Platforms = CoreOnly|Mixed Platforms
		CoreOnly|x86 = CoreOnly|x86
		Debug|Any CPU = Debug|Any CPU
		Debug|Mixed Platforms = Debug|Mixed Platforms
		Debug|x86 = Debug|x86
		iOS|Any CPU = iOS|Any CPU
		iOS|Mixed Platforms = iOS|Mixed Platforms
		iOS|x86 = iOS|x86
		Net20|Any CPU = Net20|Any CPU
		Net20|Mixed Platforms = Net20|Mixed Platforms
		Net20|x86 = Net20|x86
		Profile|Any CPU = Profile|Any CPU
		Profile|Mixed Platforms = Profile|Mixed Platforms
		Profile|x86 = Profile|x86
		Release|Any CPU = Release|Any CPU
		Release|Mixed Platforms = Release|Mixed Platforms
		Release|x86 = Release|x86
		Silverlight2|Any CPU = Silverlight2|Any CPU
		Silverlight2|Mixed Platforms = Silverlight2|Mixed Platforms
		Silverlight2|x86 = Silverlight2|x86
		Unity|Any CPU = Unity|Any CPU
		Unity|Mixed Platforms = Unity|Mixed Platforms
		Unity|x86 = Unity|x86
	EndGlobalSection
	GlobalSection(ProjectConfigurationPlatforms) = postSolution
		{86723610-9A18-4C22-BEB8-0F118CD694CF}.CoreOnly|Any CPU.ActiveCfg = Release|Any CPU
		{86723610-9A18-4C22-BEB8-0F118CD694CF}.CoreOnly|Any CPU.Build.0 = Release|Any CPU
		{86723610-9A18-4C22-BEB8-0F118CD694CF}.CoreOnly|Mixed Platforms.ActiveCfg = Debug|Any CPU
		{86723610-9A18-4C22-BEB8-0F118CD694CF}.CoreOnly|Mixed Platforms.Build.0 = Debug|Any CPU
		{86723610-9A18-4C22-BEB8-0F118CD694CF}.CoreOnly|x86.ActiveCfg = Release|Any CPU
		{86723610-9A18-4C22-BEB8-0F118CD694CF}.Debug|Any CPU.ActiveCfg = Debug|Any CPU
		{86723610-9A18-4C22-BEB8-0F118CD694CF}.Debug|Any CPU.Build.0 = Debug|Any CPU
		{86723610-9A18-4C22-BEB8-0F118CD694CF}.Debug|Mixed Platforms.ActiveCfg = Debug|Any CPU
		{86723610-9A18-4C22-BEB8-0F118CD694CF}.Debug|Mixed Platforms.Build.0 = Debug|Any CPU
		{86723610-9A18-4C22-BEB8-0F118CD694CF}.Debug|x86.ActiveCfg = Debug|Any CPU
		{86723610-9A18-4C22-BEB8-0F118CD694CF}.iOS|Any CPU.ActiveCfg = Release|Any CPU
		{86723610-9A18-4C22-BEB8-0F118CD694CF}.iOS|Any CPU.Build.0 = Release|Any CPU
		{86723610-9A18-4C22-BEB8-0F118CD694CF}.iOS|Mixed Platforms.ActiveCfg = Debug|Any CPU
		{86723610-9A18-4C22-BEB8-0F118CD694CF}.iOS|Mixed Platforms.Build.0 = Debug|Any CPU
		{86723610-9A18-4C22-BEB8-0F118CD694CF}.iOS|x86.ActiveCfg = Release|Any CPU
		{86723610-9A18-4C22-BEB8-0F118CD694CF}.Net20|Any CPU.ActiveCfg = Release|Any CPU
		{86723610-9A18-4C22-BEB8-0F118CD694CF}.Net20|Any CPU.Build.0 = Release|Any CPU
		{86723610-9A18-4C22-BEB8-0F118CD694CF}.Net20|Mixed Platforms.ActiveCfg = Debug|Any CPU
		{86723610-9A18-4C22-BEB8-0F118CD694CF}.Net20|Mixed Platforms.Build.0 = Debug|Any CPU
		{86723610-9A18-4C22-BEB8-0F118CD694CF}.Net20|x86.ActiveCfg = Release|Any CPU
		{86723610-9A18-4C22-BEB8-0F118CD694CF}.Profile|Any CPU.ActiveCfg = Release|Any CPU
		{86723610-9A18-4C22-BEB8-0F118CD694CF}.Profile|Any CPU.Build.0 = Release|Any CPU
		{86723610-9A18-4C22-BEB8-0F118CD694CF}.Profile|Mixed Platforms.ActiveCfg = Debug|Any CPU
		{86723610-9A18-4C22-BEB8-0F118CD694CF}.Profile|Mixed Platforms.Build.0 = Debug|Any CPU
		{86723610-9A18-4C22-BEB8-0F118CD694CF}.Profile|x86.ActiveCfg = Release|Any CPU
		{86723610-9A18-4C22-BEB8-0F118CD694CF}.Release|Any CPU.ActiveCfg = Release|Any CPU
		{86723610-9A18-4C22-BEB8-0F118CD694CF}.Release|Any CPU.Build.0 = Release|Any CPU
		{86723610-9A18-4C22-BEB8-0F118CD694CF}.Release|Mixed Platforms.ActiveCfg = Release|Any CPU
		{86723610-9A18-4C22-BEB8-0F118CD694CF}.Release|Mixed Platforms.Build.0 = Release|Any CPU
		{86723610-9A18-4C22-BEB8-0F118CD694CF}.Release|x86.ActiveCfg = Release|Any CPU
		{86723610-9A18-4C22-BEB8-0F118CD694CF}.Silverlight2|Any CPU.ActiveCfg = Release|Any CPU
		{86723610-9A18-4C22-BEB8-0F118CD694CF}.Silverlight2|Any CPU.Build.0 = Release|Any CPU
		{86723610-9A18-4C22-BEB8-0F118CD694CF}.Silverlight2|Mixed Platforms.ActiveCfg = Debug|Any CPU
		{86723610-9A18-4C22-BEB8-0F118CD694CF}.Silverlight2|Mixed Platforms.Build.0 = Debug|Any CPU
		{86723610-9A18-4C22-BEB8-0F118CD694CF}.Silverlight2|x86.ActiveCfg = Release|Any CPU
		{86723610-9A18-4C22-BEB8-0F118CD694CF}.Unity|Any CPU.ActiveCfg = Release|Any CPU
		{86723610-9A18-4C22-BEB8-0F118CD694CF}.Unity|Any CPU.Build.0 = Release|Any CPU
		{86723610-9A18-4C22-BEB8-0F118CD694CF}.Unity|Mixed Platforms.ActiveCfg = Debug|Any CPU
		{86723610-9A18-4C22-BEB8-0F118CD694CF}.Unity|Mixed Platforms.Build.0 = Debug|Any CPU
		{86723610-9A18-4C22-BEB8-0F118CD694CF}.Unity|x86.ActiveCfg = Release|Any CPU
		{27CAE1BA-6BAC-4F69-A92F-057FF30082A2}.CoreOnly|Any CPU.ActiveCfg = Release|Any CPU
		{27CAE1BA-6BAC-4F69-A92F-057FF30082A2}.CoreOnly|Any CPU.Build.0 = Release|Any CPU
		{27CAE1BA-6BAC-4F69-A92F-057FF30082A2}.CoreOnly|Mixed Platforms.ActiveCfg = Debug|Any CPU
		{27CAE1BA-6BAC-4F69-A92F-057FF30082A2}.CoreOnly|Mixed Platforms.Build.0 = Debug|Any CPU
		{27CAE1BA-6BAC-4F69-A92F-057FF30082A2}.CoreOnly|x86.ActiveCfg = Release|Any CPU
		{27CAE1BA-6BAC-4F69-A92F-057FF30082A2}.Debug|Any CPU.ActiveCfg = Debug|Any CPU
		{27CAE1BA-6BAC-4F69-A92F-057FF30082A2}.Debug|Any CPU.Build.0 = Debug|Any CPU
		{27CAE1BA-6BAC-4F69-A92F-057FF30082A2}.Debug|Mixed Platforms.ActiveCfg = Debug|Any CPU
		{27CAE1BA-6BAC-4F69-A92F-057FF30082A2}.Debug|Mixed Platforms.Build.0 = Debug|Any CPU
		{27CAE1BA-6BAC-4F69-A92F-057FF30082A2}.Debug|x86.ActiveCfg = Debug|Any CPU
		{27CAE1BA-6BAC-4F69-A92F-057FF30082A2}.iOS|Any CPU.ActiveCfg = Release|Any CPU
		{27CAE1BA-6BAC-4F69-A92F-057FF30082A2}.iOS|Any CPU.Build.0 = Release|Any CPU
		{27CAE1BA-6BAC-4F69-A92F-057FF30082A2}.iOS|Mixed Platforms.ActiveCfg = Debug|Any CPU
		{27CAE1BA-6BAC-4F69-A92F-057FF30082A2}.iOS|Mixed Platforms.Build.0 = Debug|Any CPU
		{27CAE1BA-6BAC-4F69-A92F-057FF30082A2}.iOS|x86.ActiveCfg = Release|Any CPU
		{27CAE1BA-6BAC-4F69-A92F-057FF30082A2}.Net20|Any CPU.ActiveCfg = Release|Any CPU
		{27CAE1BA-6BAC-4F69-A92F-057FF30082A2}.Net20|Any CPU.Build.0 = Release|Any CPU
		{27CAE1BA-6BAC-4F69-A92F-057FF30082A2}.Net20|Mixed Platforms.ActiveCfg = Debug|Any CPU
		{27CAE1BA-6BAC-4F69-A92F-057FF30082A2}.Net20|Mixed Platforms.Build.0 = Debug|Any CPU
		{27CAE1BA-6BAC-4F69-A92F-057FF30082A2}.Net20|x86.ActiveCfg = Release|Any CPU
		{27CAE1BA-6BAC-4F69-A92F-057FF30082A2}.Profile|Any CPU.ActiveCfg = Release|Any CPU
		{27CAE1BA-6BAC-4F69-A92F-057FF30082A2}.Profile|Any CPU.Build.0 = Release|Any CPU
		{27CAE1BA-6BAC-4F69-A92F-057FF30082A2}.Profile|Mixed Platforms.ActiveCfg = Debug|Any CPU
		{27CAE1BA-6BAC-4F69-A92F-057FF30082A2}.Profile|Mixed Platforms.Build.0 = Debug|Any CPU
		{27CAE1BA-6BAC-4F69-A92F-057FF30082A2}.Profile|x86.ActiveCfg = Release|Any CPU
		{27CAE1BA-6BAC-4F69-A92F-057FF30082A2}.Release|Any CPU.ActiveCfg = Release|Any CPU
		{27CAE1BA-6BAC-4F69-A92F-057FF30082A2}.Release|Any CPU.Build.0 = Release|Any CPU
		{27CAE1BA-6BAC-4F69-A92F-057FF30082A2}.Release|Mixed Platforms.ActiveCfg = Release|Any CPU
		{27CAE1BA-6BAC-4F69-A92F-057FF30082A2}.Release|Mixed Platforms.Build.0 = Release|Any CPU
		{27CAE1BA-6BAC-4F69-A92F-057FF30082A2}.Release|x86.ActiveCfg = Release|Any CPU
		{27CAE1BA-6BAC-4F69-A92F-057FF30082A2}.Silverlight2|Any CPU.ActiveCfg = Release|Any CPU
		{27CAE1BA-6BAC-4F69-A92F-057FF30082A2}.Silverlight2|Any CPU.Build.0 = Release|Any CPU
		{27CAE1BA-6BAC-4F69-A92F-057FF30082A2}.Silverlight2|Mixed Platforms.ActiveCfg = Debug|Any CPU
		{27CAE1BA-6BAC-4F69-A92F-057FF30082A2}.Silverlight2|Mixed Platforms.Build.0 = Debug|Any CPU
		{27CAE1BA-6BAC-4F69-A92F-057FF30082A2}.Silverlight2|x86.ActiveCfg = Release|Any CPU
		{27CAE1BA-6BAC-4F69-A92F-057FF30082A2}.Unity|Any CPU.ActiveCfg = Release|Any CPU
		{27CAE1BA-6BAC-4F69-A92F-057FF30082A2}.Unity|Any CPU.Build.0 = Release|Any CPU
		{27CAE1BA-6BAC-4F69-A92F-057FF30082A2}.Unity|Mixed Platforms.ActiveCfg = Debug|Any CPU
		{27CAE1BA-6BAC-4F69-A92F-057FF30082A2}.Unity|Mixed Platforms.Build.0 = Debug|Any CPU
		{27CAE1BA-6BAC-4F69-A92F-057FF30082A2}.Unity|x86.ActiveCfg = Release|Any CPU
		{4D01A25B-B649-4E1E-BBA0-7809B26C489E}.CoreOnly|Any CPU.ActiveCfg = Release|Any CPU
		{4D01A25B-B649-4E1E-BBA0-7809B26C489E}.CoreOnly|Any CPU.Build.0 = Release|Any CPU
		{4D01A25B-B649-4E1E-BBA0-7809B26C489E}.CoreOnly|Mixed Platforms.ActiveCfg = Debug|Any CPU
		{4D01A25B-B649-4E1E-BBA0-7809B26C489E}.CoreOnly|Mixed Platforms.Build.0 = Debug|Any CPU
		{4D01A25B-B649-4E1E-BBA0-7809B26C489E}.CoreOnly|x86.ActiveCfg = Release|Any CPU
		{4D01A25B-B649-4E1E-BBA0-7809B26C489E}.Debug|Any CPU.ActiveCfg = Debug|Any CPU
		{4D01A25B-B649-4E1E-BBA0-7809B26C489E}.Debug|Any CPU.Build.0 = Debug|Any CPU
		{4D01A25B-B649-4E1E-BBA0-7809B26C489E}.Debug|Mixed Platforms.ActiveCfg = Debug|Any CPU
		{4D01A25B-B649-4E1E-BBA0-7809B26C489E}.Debug|Mixed Platforms.Build.0 = Debug|Any CPU
		{4D01A25B-B649-4E1E-BBA0-7809B26C489E}.Debug|x86.ActiveCfg = Debug|Any CPU
		{4D01A25B-B649-4E1E-BBA0-7809B26C489E}.iOS|Any CPU.ActiveCfg = Release|Any CPU
		{4D01A25B-B649-4E1E-BBA0-7809B26C489E}.iOS|Any CPU.Build.0 = Release|Any CPU
		{4D01A25B-B649-4E1E-BBA0-7809B26C489E}.iOS|Mixed Platforms.ActiveCfg = Debug|Any CPU
		{4D01A25B-B649-4E1E-BBA0-7809B26C489E}.iOS|Mixed Platforms.Build.0 = Debug|Any CPU
		{4D01A25B-B649-4E1E-BBA0-7809B26C489E}.iOS|x86.ActiveCfg = Release|Any CPU
		{4D01A25B-B649-4E1E-BBA0-7809B26C489E}.Net20|Any CPU.ActiveCfg = Release|Any CPU
		{4D01A25B-B649-4E1E-BBA0-7809B26C489E}.Net20|Any CPU.Build.0 = Release|Any CPU
		{4D01A25B-B649-4E1E-BBA0-7809B26C489E}.Net20|Mixed Platforms.ActiveCfg = Debug|Any CPU
		{4D01A25B-B649-4E1E-BBA0-7809B26C489E}.Net20|Mixed Platforms.Build.0 = Debug|Any CPU
		{4D01A25B-B649-4E1E-BBA0-7809B26C489E}.Net20|x86.ActiveCfg = Release|Any CPU
		{4D01A25B-B649-4E1E-BBA0-7809B26C489E}.Profile|Any CPU.ActiveCfg = Release|Any CPU
		{4D01A25B-B649-4E1E-BBA0-7809B26C489E}.Profile|Any CPU.Build.0 = Release|Any CPU
		{4D01A25B-B649-4E1E-BBA0-7809B26C489E}.Profile|Mixed Platforms.ActiveCfg = Debug|Any CPU
		{4D01A25B-B649-4E1E-BBA0-7809B26C489E}.Profile|Mixed Platforms.Build.0 = Debug|Any CPU
		{4D01A25B-B649-4E1E-BBA0-7809B26C489E}.Profile|x86.ActiveCfg = Release|Any CPU
		{4D01A25B-B649-4E1E-BBA0-7809B26C489E}.Release|Any CPU.ActiveCfg = Release|Any CPU
		{4D01A25B-B649-4E1E-BBA0-7809B26C489E}.Release|Any CPU.Build.0 = Release|Any CPU
		{4D01A25B-B649-4E1E-BBA0-7809B26C489E}.Release|Mixed Platforms.ActiveCfg = Release|Any CPU
		{4D01A25B-B649-4E1E-BBA0-7809B26C489E}.Release|Mixed Platforms.Build.0 = Release|Any CPU
		{4D01A25B-B649-4E1E-BBA0-7809B26C489E}.Release|x86.ActiveCfg = Release|Any CPU
		{4D01A25B-B649-4E1E-BBA0-7809B26C489E}.Silverlight2|Any CPU.ActiveCfg = Release|Any CPU
		{4D01A25B-B649-4E1E-BBA0-7809B26C489E}.Silverlight2|Any CPU.Build.0 = Release|Any CPU
		{4D01A25B-B649-4E1E-BBA0-7809B26C489E}.Silverlight2|Mixed Platforms.ActiveCfg = Debug|Any CPU
		{4D01A25B-B649-4E1E-BBA0-7809B26C489E}.Silverlight2|Mixed Platforms.Build.0 = Debug|Any CPU
		{4D01A25B-B649-4E1E-BBA0-7809B26C489E}.Silverlight2|x86.ActiveCfg = Release|Any CPU
		{4D01A25B-B649-4E1E-BBA0-7809B26C489E}.Unity|Any CPU.ActiveCfg = Release|Any CPU
		{4D01A25B-B649-4E1E-BBA0-7809B26C489E}.Unity|Any CPU.Build.0 = Release|Any CPU
		{4D01A25B-B649-4E1E-BBA0-7809B26C489E}.Unity|Mixed Platforms.ActiveCfg = Debug|Any CPU
		{4D01A25B-B649-4E1E-BBA0-7809B26C489E}.Unity|Mixed Platforms.Build.0 = Debug|Any CPU
		{4D01A25B-B649-4E1E-BBA0-7809B26C489E}.Unity|x86.ActiveCfg = Release|Any CPU
		{2E8AF5A7-80A0-4C2F-81E7-93460FC19664}.CoreOnly|Any CPU.ActiveCfg = Release|Any CPU
		{2E8AF5A7-80A0-4C2F-81E7-93460FC19664}.CoreOnly|Any CPU.Build.0 = Release|Any CPU
		{2E8AF5A7-80A0-4C2F-81E7-93460FC19664}.CoreOnly|Mixed Platforms.ActiveCfg = Debug|Any CPU
		{2E8AF5A7-80A0-4C2F-81E7-93460FC19664}.CoreOnly|Mixed Platforms.Build.0 = Debug|Any CPU
		{2E8AF5A7-80A0-4C2F-81E7-93460FC19664}.CoreOnly|x86.ActiveCfg = Release|Any CPU
		{2E8AF5A7-80A0-4C2F-81E7-93460FC19664}.Debug|Any CPU.ActiveCfg = Debug|Any CPU
		{2E8AF5A7-80A0-4C2F-81E7-93460FC19664}.Debug|Any CPU.Build.0 = Debug|Any CPU
		{2E8AF5A7-80A0-4C2F-81E7-93460FC19664}.Debug|Mixed Platforms.ActiveCfg = Debug|Any CPU
		{2E8AF5A7-80A0-4C2F-81E7-93460FC19664}.Debug|Mixed Platforms.Build.0 = Debug|Any CPU
		{2E8AF5A7-80A0-4C2F-81E7-93460FC19664}.Debug|x86.ActiveCfg = Debug|Any CPU
		{2E8AF5A7-80A0-4C2F-81E7-93460FC19664}.iOS|Any CPU.ActiveCfg = Release|Any CPU
		{2E8AF5A7-80A0-4C2F-81E7-93460FC19664}.iOS|Any CPU.Build.0 = Release|Any CPU
		{2E8AF5A7-80A0-4C2F-81E7-93460FC19664}.iOS|Mixed Platforms.ActiveCfg = Debug|Any CPU
		{2E8AF5A7-80A0-4C2F-81E7-93460FC19664}.iOS|Mixed Platforms.Build.0 = Debug|Any CPU
		{2E8AF5A7-80A0-4C2F-81E7-93460FC19664}.iOS|x86.ActiveCfg = Release|Any CPU
		{2E8AF5A7-80A0-4C2F-81E7-93460FC19664}.Net20|Any CPU.ActiveCfg = Release|Any CPU
		{2E8AF5A7-80A0-4C2F-81E7-93460FC19664}.Net20|Any CPU.Build.0 = Release|Any CPU
		{2E8AF5A7-80A0-4C2F-81E7-93460FC19664}.Net20|Mixed Platforms.ActiveCfg = Debug|Any CPU
		{2E8AF5A7-80A0-4C2F-81E7-93460FC19664}.Net20|Mixed Platforms.Build.0 = Debug|Any CPU
		{2E8AF5A7-80A0-4C2F-81E7-93460FC19664}.Net20|x86.ActiveCfg = Release|Any CPU
		{2E8AF5A7-80A0-4C2F-81E7-93460FC19664}.Profile|Any CPU.ActiveCfg = Release|Any CPU
		{2E8AF5A7-80A0-4C2F-81E7-93460FC19664}.Profile|Any CPU.Build.0 = Release|Any CPU
		{2E8AF5A7-80A0-4C2F-81E7-93460FC19664}.Profile|Mixed Platforms.ActiveCfg = Debug|Any CPU
		{2E8AF5A7-80A0-4C2F-81E7-93460FC19664}.Profile|Mixed Platforms.Build.0 = Debug|Any CPU
		{2E8AF5A7-80A0-4C2F-81E7-93460FC19664}.Profile|x86.ActiveCfg = Release|Any CPU
		{2E8AF5A7-80A0-4C2F-81E7-93460FC19664}.Release|Any CPU.ActiveCfg = Release|Any CPU
		{2E8AF5A7-80A0-4C2F-81E7-93460FC19664}.Release|Any CPU.Build.0 = Release|Any CPU
		{2E8AF5A7-80A0-4C2F-81E7-93460FC19664}.Release|Mixed Platforms.ActiveCfg = Release|Any CPU
		{2E8AF5A7-80A0-4C2F-81E7-93460FC19664}.Release|Mixed Platforms.Build.0 = Release|Any CPU
		{2E8AF5A7-80A0-4C2F-81E7-93460FC19664}.Release|x86.ActiveCfg = Release|Any CPU
		{2E8AF5A7-80A0-4C2F-81E7-93460FC19664}.Silverlight2|Any CPU.ActiveCfg = Release|Any CPU
		{2E8AF5A7-80A0-4C2F-81E7-93460FC19664}.Silverlight2|Any CPU.Build.0 = Release|Any CPU
		{2E8AF5A7-80A0-4C2F-81E7-93460FC19664}.Silverlight2|Mixed Platforms.ActiveCfg = Debug|Any CPU
		{2E8AF5A7-80A0-4C2F-81E7-93460FC19664}.Silverlight2|Mixed Platforms.Build.0 = Debug|Any CPU
		{2E8AF5A7-80A0-4C2F-81E7-93460FC19664}.Silverlight2|x86.ActiveCfg = Release|Any CPU
		{2E8AF5A7-80A0-4C2F-81E7-93460FC19664}.Unity|Any CPU.ActiveCfg = Release|Any CPU
		{2E8AF5A7-80A0-4C2F-81E7-93460FC19664}.Unity|Any CPU.Build.0 = Release|Any CPU
		{2E8AF5A7-80A0-4C2F-81E7-93460FC19664}.Unity|Mixed Platforms.ActiveCfg = Debug|Any CPU
		{2E8AF5A7-80A0-4C2F-81E7-93460FC19664}.Unity|Mixed Platforms.Build.0 = Debug|Any CPU
		{2E8AF5A7-80A0-4C2F-81E7-93460FC19664}.Unity|x86.ActiveCfg = Release|Any CPU
		{FD2FBB90-B2EC-4552-ACF6-D2F1517A384F}.CoreOnly|Any CPU.ActiveCfg = Release|Any CPU
		{FD2FBB90-B2EC-4552-ACF6-D2F1517A384F}.CoreOnly|Any CPU.Build.0 = Release|Any CPU
		{FD2FBB90-B2EC-4552-ACF6-D2F1517A384F}.CoreOnly|Mixed Platforms.ActiveCfg = Debug|Any CPU
		{FD2FBB90-B2EC-4552-ACF6-D2F1517A384F}.CoreOnly|Mixed Platforms.Build.0 = Debug|Any CPU
		{FD2FBB90-B2EC-4552-ACF6-D2F1517A384F}.CoreOnly|x86.ActiveCfg = Release|Any CPU
		{FD2FBB90-B2EC-4552-ACF6-D2F1517A384F}.Debug|Any CPU.ActiveCfg = Debug|Any CPU
		{FD2FBB90-B2EC-4552-ACF6-D2F1517A384F}.Debug|Any CPU.Build.0 = Debug|Any CPU
		{FD2FBB90-B2EC-4552-ACF6-D2F1517A384F}.Debug|Mixed Platforms.ActiveCfg = Debug|Any CPU
		{FD2FBB90-B2EC-4552-ACF6-D2F1517A384F}.Debug|Mixed Platforms.Build.0 = Debug|Any CPU
		{FD2FBB90-B2EC-4552-ACF6-D2F1517A384F}.Debug|x86.ActiveCfg = Debug|Any CPU
		{FD2FBB90-B2EC-4552-ACF6-D2F1517A384F}.iOS|Any CPU.ActiveCfg = Release|Any CPU
		{FD2FBB90-B2EC-4552-ACF6-D2F1517A384F}.iOS|Any CPU.Build.0 = Release|Any CPU
		{FD2FBB90-B2EC-4552-ACF6-D2F1517A384F}.iOS|Mixed Platforms.ActiveCfg = Debug|Any CPU
		{FD2FBB90-B2EC-4552-ACF6-D2F1517A384F}.iOS|Mixed Platforms.Build.0 = Debug|Any CPU
		{FD2FBB90-B2EC-4552-ACF6-D2F1517A384F}.iOS|x86.ActiveCfg = Release|Any CPU
		{FD2FBB90-B2EC-4552-ACF6-D2F1517A384F}.Net20|Any CPU.ActiveCfg = Release|Any CPU
		{FD2FBB90-B2EC-4552-ACF6-D2F1517A384F}.Net20|Any CPU.Build.0 = Release|Any CPU
		{FD2FBB90-B2EC-4552-ACF6-D2F1517A384F}.Net20|Mixed Platforms.ActiveCfg = Debug|Any CPU
		{FD2FBB90-B2EC-4552-ACF6-D2F1517A384F}.Net20|Mixed Platforms.Build.0 = Debug|Any CPU
		{FD2FBB90-B2EC-4552-ACF6-D2F1517A384F}.Net20|x86.ActiveCfg = Release|Any CPU
		{FD2FBB90-B2EC-4552-ACF6-D2F1517A384F}.Profile|Any CPU.ActiveCfg = Release|Any CPU
		{FD2FBB90-B2EC-4552-ACF6-D2F1517A384F}.Profile|Any CPU.Build.0 = Release|Any CPU
		{FD2FBB90-B2EC-4552-ACF6-D2F1517A384F}.Profile|Mixed Platforms.ActiveCfg = Debug|Any CPU
		{FD2FBB90-B2EC-4552-ACF6-D2F1517A384F}.Profile|Mixed Platforms.Build.0 = Debug|Any CPU
		{FD2FBB90-B2EC-4552-ACF6-D2F1517A384F}.Profile|x86.ActiveCfg = Release|Any CPU
		{FD2FBB90-B2EC-4552-ACF6-D2F1517A384F}.Release|Any CPU.ActiveCfg = Release|Any CPU
		{FD2FBB90-B2EC-4552-ACF6-D2F1517A384F}.Release|Any CPU.Build.0 = Release|Any CPU
		{FD2FBB90-B2EC-4552-ACF6-D2F1517A384F}.Release|Mixed Platforms.ActiveCfg = Release|Any CPU
		{FD2FBB90-B2EC-4552-ACF6-D2F1517A384F}.Release|Mixed Platforms.Build.0 = Release|Any CPU
		{FD2FBB90-B2EC-4552-ACF6-D2F1517A384F}.Release|x86.ActiveCfg = Release|Any CPU
		{FD2FBB90-B2EC-4552-ACF6-D2F1517A384F}.Silverlight2|Any CPU.ActiveCfg = Release|Any CPU
		{FD2FBB90-B2EC-4552-ACF6-D2F1517A384F}.Silverlight2|Any CPU.Build.0 = Release|Any CPU
		{FD2FBB90-B2EC-4552-ACF6-D2F1517A384F}.Silverlight2|Mixed Platforms.ActiveCfg = Debug|Any CPU
		{FD2FBB90-B2EC-4552-ACF6-D2F1517A384F}.Silverlight2|Mixed Platforms.Build.0 = Debug|Any CPU
		{FD2FBB90-B2EC-4552-ACF6-D2F1517A384F}.Silverlight2|x86.ActiveCfg = Release|Any CPU
		{FD2FBB90-B2EC-4552-ACF6-D2F1517A384F}.Unity|Any CPU.ActiveCfg = Release|Any CPU
		{FD2FBB90-B2EC-4552-ACF6-D2F1517A384F}.Unity|Any CPU.Build.0 = Release|Any CPU
		{FD2FBB90-B2EC-4552-ACF6-D2F1517A384F}.Unity|Mixed Platforms.ActiveCfg = Debug|Any CPU
		{FD2FBB90-B2EC-4552-ACF6-D2F1517A384F}.Unity|Mixed Platforms.Build.0 = Debug|Any CPU
		{FD2FBB90-B2EC-4552-ACF6-D2F1517A384F}.Unity|x86.ActiveCfg = Release|Any CPU
		{8374E4D7-2A91-48F1-9360-09B09CF27C3F}.CoreOnly|Any CPU.ActiveCfg = CoreOnly|Any CPU
		{8374E4D7-2A91-48F1-9360-09B09CF27C3F}.CoreOnly|Any CPU.Build.0 = CoreOnly|Any CPU
		{8374E4D7-2A91-48F1-9360-09B09CF27C3F}.CoreOnly|Mixed Platforms.ActiveCfg = CoreOnly|x86
		{8374E4D7-2A91-48F1-9360-09B09CF27C3F}.CoreOnly|Mixed Platforms.Build.0 = CoreOnly|x86
		{8374E4D7-2A91-48F1-9360-09B09CF27C3F}.CoreOnly|x86.ActiveCfg = CoreOnly|x86
		{8374E4D7-2A91-48F1-9360-09B09CF27C3F}.CoreOnly|x86.Build.0 = CoreOnly|x86
		{8374E4D7-2A91-48F1-9360-09B09CF27C3F}.Debug|Any CPU.ActiveCfg = Debug|Any CPU
		{8374E4D7-2A91-48F1-9360-09B09CF27C3F}.Debug|Any CPU.Build.0 = Debug|Any CPU
		{8374E4D7-2A91-48F1-9360-09B09CF27C3F}.Debug|Mixed Platforms.ActiveCfg = Debug|x86
		{8374E4D7-2A91-48F1-9360-09B09CF27C3F}.Debug|Mixed Platforms.Build.0 = Debug|x86
		{8374E4D7-2A91-48F1-9360-09B09CF27C3F}.Debug|x86.ActiveCfg = Debug|x86
		{8374E4D7-2A91-48F1-9360-09B09CF27C3F}.Debug|x86.Build.0 = Debug|x86
		{8374E4D7-2A91-48F1-9360-09B09CF27C3F}.iOS|Any CPU.ActiveCfg = iOS|Any CPU
		{8374E4D7-2A91-48F1-9360-09B09CF27C3F}.iOS|Any CPU.Build.0 = iOS|Any CPU
		{8374E4D7-2A91-48F1-9360-09B09CF27C3F}.iOS|Mixed Platforms.ActiveCfg = iOS|x86
		{8374E4D7-2A91-48F1-9360-09B09CF27C3F}.iOS|Mixed Platforms.Build.0 = iOS|x86
		{8374E4D7-2A91-48F1-9360-09B09CF27C3F}.iOS|x86.ActiveCfg = iOS|x86
		{8374E4D7-2A91-48F1-9360-09B09CF27C3F}.iOS|x86.Build.0 = iOS|x86
		{8374E4D7-2A91-48F1-9360-09B09CF27C3F}.Net20|Any CPU.ActiveCfg = Net20|Any CPU
		{8374E4D7-2A91-48F1-9360-09B09CF27C3F}.Net20|Any CPU.Build.0 = Net20|Any CPU
		{8374E4D7-2A91-48F1-9360-09B09CF27C3F}.Net20|Mixed Platforms.ActiveCfg = Net20|x86
		{8374E4D7-2A91-48F1-9360-09B09CF27C3F}.Net20|Mixed Platforms.Build.0 = Net20|x86
		{8374E4D7-2A91-48F1-9360-09B09CF27C3F}.Net20|x86.ActiveCfg = Net20|x86
		{8374E4D7-2A91-48F1-9360-09B09CF27C3F}.Net20|x86.Build.0 = Net20|x86
		{8374E4D7-2A91-48F1-9360-09B09CF27C3F}.Profile|Any CPU.ActiveCfg = Profile|Any CPU
		{8374E4D7-2A91-48F1-9360-09B09CF27C3F}.Profile|Any CPU.Build.0 = Profile|Any CPU
		{8374E4D7-2A91-48F1-9360-09B09CF27C3F}.Profile|Mixed Platforms.ActiveCfg = Profile|x86
		{8374E4D7-2A91-48F1-9360-09B09CF27C3F}.Profile|Mixed Platforms.Build.0 = Profile|x86
		{8374E4D7-2A91-48F1-9360-09B09CF27C3F}.Profile|x86.ActiveCfg = Profile|x86
		{8374E4D7-2A91-48F1-9360-09B09CF27C3F}.Profile|x86.Build.0 = Profile|x86
		{8374E4D7-2A91-48F1-9360-09B09CF27C3F}.Release|Any CPU.ActiveCfg = Release|Any CPU
		{8374E4D7-2A91-48F1-9360-09B09CF27C3F}.Release|Any CPU.Build.0 = Release|Any CPU
		{8374E4D7-2A91-48F1-9360-09B09CF27C3F}.Release|Mixed Platforms.ActiveCfg = Release|x86
		{8374E4D7-2A91-48F1-9360-09B09CF27C3F}.Release|Mixed Platforms.Build.0 = Release|x86
		{8374E4D7-2A91-48F1-9360-09B09CF27C3F}.Release|x86.ActiveCfg = Release|x86
		{8374E4D7-2A91-48F1-9360-09B09CF27C3F}.Release|x86.Build.0 = Release|x86
		{8374E4D7-2A91-48F1-9360-09B09CF27C3F}.Silverlight2|Any CPU.ActiveCfg = Silverlight2|Any CPU
		{8374E4D7-2A91-48F1-9360-09B09CF27C3F}.Silverlight2|Any CPU.Build.0 = Silverlight2|Any CPU
		{8374E4D7-2A91-48F1-9360-09B09CF27C3F}.Silverlight2|Mixed Platforms.ActiveCfg = Silverlight2|x86
		{8374E4D7-2A91-48F1-9360-09B09CF27C3F}.Silverlight2|Mixed Platforms.Build.0 = Silverlight2|x86
		{8374E4D7-2A91-48F1-9360-09B09CF27C3F}.Silverlight2|x86.ActiveCfg = Silverlight2|x86
		{8374E4D7-2A91-48F1-9360-09B09CF27C3F}.Silverlight2|x86.Build.0 = Silverlight2|x86
		{8374E4D7-2A91-48F1-9360-09B09CF27C3F}.Unity|Any CPU.ActiveCfg = Unity|Any CPU
		{8374E4D7-2A91-48F1-9360-09B09CF27C3F}.Unity|Any CPU.Build.0 = Unity|Any CPU
		{8374E4D7-2A91-48F1-9360-09B09CF27C3F}.Unity|Mixed Platforms.ActiveCfg = Unity|x86
		{8374E4D7-2A91-48F1-9360-09B09CF27C3F}.Unity|Mixed Platforms.Build.0 = Unity|x86
		{8374E4D7-2A91-48F1-9360-09B09CF27C3F}.Unity|x86.ActiveCfg = Unity|x86
		{8374E4D7-2A91-48F1-9360-09B09CF27C3F}.Unity|x86.Build.0 = Unity|x86
		{96F98CD8-19A7-4CE9-AB16-35E4817DD3BC}.CoreOnly|Any CPU.ActiveCfg = Release|Any CPU
		{96F98CD8-19A7-4CE9-AB16-35E4817DD3BC}.CoreOnly|Any CPU.Build.0 = Release|Any CPU
		{96F98CD8-19A7-4CE9-AB16-35E4817DD3BC}.CoreOnly|Mixed Platforms.ActiveCfg = Debug|x86
		{96F98CD8-19A7-4CE9-AB16-35E4817DD3BC}.CoreOnly|Mixed Platforms.Build.0 = Debug|x86
		{96F98CD8-19A7-4CE9-AB16-35E4817DD3BC}.CoreOnly|x86.ActiveCfg = Release|x86
		{96F98CD8-19A7-4CE9-AB16-35E4817DD3BC}.CoreOnly|x86.Build.0 = Release|x86
		{96F98CD8-19A7-4CE9-AB16-35E4817DD3BC}.Debug|Any CPU.ActiveCfg = Debug|Any CPU
		{96F98CD8-19A7-4CE9-AB16-35E4817DD3BC}.Debug|Any CPU.Build.0 = Debug|Any CPU
		{96F98CD8-19A7-4CE9-AB16-35E4817DD3BC}.Debug|Mixed Platforms.ActiveCfg = Debug|x86
		{96F98CD8-19A7-4CE9-AB16-35E4817DD3BC}.Debug|Mixed Platforms.Build.0 = Debug|x86
		{96F98CD8-19A7-4CE9-AB16-35E4817DD3BC}.Debug|x86.ActiveCfg = Debug|x86
		{96F98CD8-19A7-4CE9-AB16-35E4817DD3BC}.Debug|x86.Build.0 = Debug|x86
		{96F98CD8-19A7-4CE9-AB16-35E4817DD3BC}.iOS|Any CPU.ActiveCfg = Release|Any CPU
		{96F98CD8-19A7-4CE9-AB16-35E4817DD3BC}.iOS|Any CPU.Build.0 = Release|Any CPU
		{96F98CD8-19A7-4CE9-AB16-35E4817DD3BC}.iOS|Mixed Platforms.ActiveCfg = Debug|x86
		{96F98CD8-19A7-4CE9-AB16-35E4817DD3BC}.iOS|Mixed Platforms.Build.0 = Debug|x86
		{96F98CD8-19A7-4CE9-AB16-35E4817DD3BC}.iOS|x86.ActiveCfg = Release|x86
		{96F98CD8-19A7-4CE9-AB16-35E4817DD3BC}.iOS|x86.Build.0 = Release|x86
		{96F98CD8-19A7-4CE9-AB16-35E4817DD3BC}.Net20|Any CPU.ActiveCfg = Release|Any CPU
		{96F98CD8-19A7-4CE9-AB16-35E4817DD3BC}.Net20|Any CPU.Build.0 = Release|Any CPU
		{96F98CD8-19A7-4CE9-AB16-35E4817DD3BC}.Net20|Mixed Platforms.ActiveCfg = Debug|x86
		{96F98CD8-19A7-4CE9-AB16-35E4817DD3BC}.Net20|Mixed Platforms.Build.0 = Debug|x86
		{96F98CD8-19A7-4CE9-AB16-35E4817DD3BC}.Net20|x86.ActiveCfg = Release|x86
		{96F98CD8-19A7-4CE9-AB16-35E4817DD3BC}.Net20|x86.Build.0 = Release|x86
		{96F98CD8-19A7-4CE9-AB16-35E4817DD3BC}.Profile|Any CPU.ActiveCfg = Release|Any CPU
		{96F98CD8-19A7-4CE9-AB16-35E4817DD3BC}.Profile|Any CPU.Build.0 = Release|Any CPU
		{96F98CD8-19A7-4CE9-AB16-35E4817DD3BC}.Profile|Mixed Platforms.ActiveCfg = Debug|x86
		{96F98CD8-19A7-4CE9-AB16-35E4817DD3BC}.Profile|Mixed Platforms.Build.0 = Debug|x86
		{96F98CD8-19A7-4CE9-AB16-35E4817DD3BC}.Profile|x86.ActiveCfg = Release|x86
		{96F98CD8-19A7-4CE9-AB16-35E4817DD3BC}.Profile|x86.Build.0 = Release|x86
		{96F98CD8-19A7-4CE9-AB16-35E4817DD3BC}.Release|Any CPU.ActiveCfg = Release|Any CPU
		{96F98CD8-19A7-4CE9-AB16-35E4817DD3BC}.Release|Any CPU.Build.0 = Release|Any CPU
		{96F98CD8-19A7-4CE9-AB16-35E4817DD3BC}.Release|Mixed Platforms.ActiveCfg = Release|x86
		{96F98CD8-19A7-4CE9-AB16-35E4817DD3BC}.Release|Mixed Platforms.Build.0 = Release|x86
		{96F98CD8-19A7-4CE9-AB16-35E4817DD3BC}.Release|x86.ActiveCfg = Release|x86
		{96F98CD8-19A7-4CE9-AB16-35E4817DD3BC}.Release|x86.Build.0 = Release|x86
		{96F98CD8-19A7-4CE9-AB16-35E4817DD3BC}.Silverlight2|Any CPU.ActiveCfg = Release|Any CPU
		{96F98CD8-19A7-4CE9-AB16-35E4817DD3BC}.Silverlight2|Any CPU.Build.0 = Release|Any CPU
		{96F98CD8-19A7-4CE9-AB16-35E4817DD3BC}.Silverlight2|Mixed Platforms.ActiveCfg = Debug|x86
		{96F98CD8-19A7-4CE9-AB16-35E4817DD3BC}.Silverlight2|Mixed Platforms.Build.0 = Debug|x86
		{96F98CD8-19A7-4CE9-AB16-35E4817DD3BC}.Silverlight2|x86.ActiveCfg = Release|x86
		{96F98CD8-19A7-4CE9-AB16-35E4817DD3BC}.Silverlight2|x86.Build.0 = Release|x86
		{96F98CD8-19A7-4CE9-AB16-35E4817DD3BC}.Unity|Any CPU.ActiveCfg = Release|Any CPU
		{96F98CD8-19A7-4CE9-AB16-35E4817DD3BC}.Unity|Any CPU.Build.0 = Release|Any CPU
		{96F98CD8-19A7-4CE9-AB16-35E4817DD3BC}.Unity|Mixed Platforms.ActiveCfg = Debug|x86
		{96F98CD8-19A7-4CE9-AB16-35E4817DD3BC}.Unity|Mixed Platforms.Build.0 = Debug|x86
		{96F98CD8-19A7-4CE9-AB16-35E4817DD3BC}.Unity|x86.ActiveCfg = Release|x86
		{96F98CD8-19A7-4CE9-AB16-35E4817DD3BC}.Unity|x86.Build.0 = Release|x86
		{9187788B-F9B0-4CBC-8FED-34E4F81CBAC8}.CoreOnly|Any CPU.ActiveCfg = Release|Any CPU
		{9187788B-F9B0-4CBC-8FED-34E4F81CBAC8}.CoreOnly|Any CPU.Build.0 = Release|Any CPU
		{9187788B-F9B0-4CBC-8FED-34E4F81CBAC8}.CoreOnly|Mixed Platforms.ActiveCfg = Debug|x86
		{9187788B-F9B0-4CBC-8FED-34E4F81CBAC8}.CoreOnly|Mixed Platforms.Build.0 = Debug|x86
		{9187788B-F9B0-4CBC-8FED-34E4F81CBAC8}.CoreOnly|x86.ActiveCfg = Release|x86
		{9187788B-F9B0-4CBC-8FED-34E4F81CBAC8}.CoreOnly|x86.Build.0 = Release|x86
		{9187788B-F9B0-4CBC-8FED-34E4F81CBAC8}.Debug|Any CPU.ActiveCfg = Debug|Any CPU
		{9187788B-F9B0-4CBC-8FED-34E4F81CBAC8}.Debug|Any CPU.Build.0 = Debug|Any CPU
		{9187788B-F9B0-4CBC-8FED-34E4F81CBAC8}.Debug|Mixed Platforms.ActiveCfg = Debug|x86
		{9187788B-F9B0-4CBC-8FED-34E4F81CBAC8}.Debug|Mixed Platforms.Build.0 = Debug|x86
		{9187788B-F9B0-4CBC-8FED-34E4F81CBAC8}.Debug|x86.ActiveCfg = Debug|x86
		{9187788B-F9B0-4CBC-8FED-34E4F81CBAC8}.Debug|x86.Build.0 = Debug|x86
		{9187788B-F9B0-4CBC-8FED-34E4F81CBAC8}.iOS|Any CPU.ActiveCfg = Release|Any CPU
		{9187788B-F9B0-4CBC-8FED-34E4F81CBAC8}.iOS|Any CPU.Build.0 = Release|Any CPU
		{9187788B-F9B0-4CBC-8FED-34E4F81CBAC8}.iOS|Mixed Platforms.ActiveCfg = Debug|x86
		{9187788B-F9B0-4CBC-8FED-34E4F81CBAC8}.iOS|Mixed Platforms.Build.0 = Debug|x86
		{9187788B-F9B0-4CBC-8FED-34E4F81CBAC8}.iOS|x86.ActiveCfg = Release|x86
		{9187788B-F9B0-4CBC-8FED-34E4F81CBAC8}.iOS|x86.Build.0 = Release|x86
		{9187788B-F9B0-4CBC-8FED-34E4F81CBAC8}.Net20|Any CPU.ActiveCfg = Release|Any CPU
		{9187788B-F9B0-4CBC-8FED-34E4F81CBAC8}.Net20|Any CPU.Build.0 = Release|Any CPU
		{9187788B-F9B0-4CBC-8FED-34E4F81CBAC8}.Net20|Mixed Platforms.ActiveCfg = Debug|x86
		{9187788B-F9B0-4CBC-8FED-34E4F81CBAC8}.Net20|Mixed Platforms.Build.0 = Debug|x86
		{9187788B-F9B0-4CBC-8FED-34E4F81CBAC8}.Net20|x86.ActiveCfg = Release|x86
		{9187788B-F9B0-4CBC-8FED-34E4F81CBAC8}.Net20|x86.Build.0 = Release|x86
		{9187788B-F9B0-4CBC-8FED-34E4F81CBAC8}.Profile|Any CPU.ActiveCfg = Release|Any CPU
		{9187788B-F9B0-4CBC-8FED-34E4F81CBAC8}.Profile|Any CPU.Build.0 = Release|Any CPU
		{9187788B-F9B0-4CBC-8FED-34E4F81CBAC8}.Profile|Mixed Platforms.ActiveCfg = Debug|x86
		{9187788B-F9B0-4CBC-8FED-34E4F81CBAC8}.Profile|Mixed Platforms.Build.0 = Debug|x86
		{9187788B-F9B0-4CBC-8FED-34E4F81CBAC8}.Profile|x86.ActiveCfg = Release|x86
		{9187788B-F9B0-4CBC-8FED-34E4F81CBAC8}.Profile|x86.Build.0 = Release|x86
		{9187788B-F9B0-4CBC-8FED-34E4F81CBAC8}.Release|Any CPU.ActiveCfg = Release|Any CPU
		{9187788B-F9B0-4CBC-8FED-34E4F81CBAC8}.Release|Any CPU.Build.0 = Release|Any CPU
		{9187788B-F9B0-4CBC-8FED-34E4F81CBAC8}.Release|Mixed Platforms.ActiveCfg = Release|x86
		{9187788B-F9B0-4CBC-8FED-34E4F81CBAC8}.Release|Mixed Platforms.Build.0 = Release|x86
		{9187788B-F9B0-4CBC-8FED-34E4F81CBAC8}.Release|x86.ActiveCfg = Release|x86
		{9187788B-F9B0-4CBC-8FED-34E4F81CBAC8}.Release|x86.Build.0 = Release|x86
		{9187788B-F9B0-4CBC-8FED-34E4F81CBAC8}.Silverlight2|Any CPU.ActiveCfg = Release|Any CPU
		{9187788B-F9B0-4CBC-8FED-34E4F81CBAC8}.Silverlight2|Any CPU.Build.0 = Release|Any CPU
		{9187788B-F9B0-4CBC-8FED-34E4F81CBAC8}.Silverlight2|Mixed Platforms.ActiveCfg = Debug|x86
		{9187788B-F9B0-4CBC-8FED-34E4F81CBAC8}.Silverlight2|Mixed Platforms.Build.0 = Debug|x86
		{9187788B-F9B0-4CBC-8FED-34E4F81CBAC8}.Silverlight2|x86.ActiveCfg = Release|x86
		{9187788B-F9B0-4CBC-8FED-34E4F81CBAC8}.Silverlight2|x86.Build.0 = Release|x86
		{9187788B-F9B0-4CBC-8FED-34E4F81CBAC8}.Unity|Any CPU.ActiveCfg = Release|Any CPU
		{9187788B-F9B0-4CBC-8FED-34E4F81CBAC8}.Unity|Any CPU.Build.0 = Release|Any CPU
		{9187788B-F9B0-4CBC-8FED-34E4F81CBAC8}.Unity|Mixed Platforms.ActiveCfg = Debug|x86
		{9187788B-F9B0-4CBC-8FED-34E4F81CBAC8}.Unity|Mixed Platforms.Build.0 = Debug|x86
		{9187788B-F9B0-4CBC-8FED-34E4F81CBAC8}.Unity|x86.ActiveCfg = Release|x86
		{9187788B-F9B0-4CBC-8FED-34E4F81CBAC8}.Unity|x86.Build.0 = Release|x86
		{A372DB12-D82F-4380-9707-5A38F38DDD68}.CoreOnly|Any CPU.ActiveCfg = Release|Any CPU
		{A372DB12-D82F-4380-9707-5A38F38DDD68}.CoreOnly|Any CPU.Build.0 = Release|Any CPU
		{A372DB12-D82F-4380-9707-5A38F38DDD68}.CoreOnly|Mixed Platforms.ActiveCfg = Debug|Any CPU
		{A372DB12-D82F-4380-9707-5A38F38DDD68}.CoreOnly|Mixed Platforms.Build.0 = Debug|Any CPU
		{A372DB12-D82F-4380-9707-5A38F38DDD68}.CoreOnly|x86.ActiveCfg = Release|Any CPU
		{A372DB12-D82F-4380-9707-5A38F38DDD68}.Debug|Any CPU.ActiveCfg = Debug|Any CPU
		{A372DB12-D82F-4380-9707-5A38F38DDD68}.Debug|Any CPU.Build.0 = Debug|Any CPU
		{A372DB12-D82F-4380-9707-5A38F38DDD68}.Debug|Mixed Platforms.ActiveCfg = Debug|Any CPU
		{A372DB12-D82F-4380-9707-5A38F38DDD68}.Debug|Mixed Platforms.Build.0 = Debug|Any CPU
		{A372DB12-D82F-4380-9707-5A38F38DDD68}.Debug|x86.ActiveCfg = Debug|Any CPU
		{A372DB12-D82F-4380-9707-5A38F38DDD68}.iOS|Any CPU.ActiveCfg = Release|Any CPU
		{A372DB12-D82F-4380-9707-5A38F38DDD68}.iOS|Any CPU.Build.0 = Release|Any CPU
		{A372DB12-D82F-4380-9707-5A38F38DDD68}.iOS|Mixed Platforms.ActiveCfg = Debug|Any CPU
		{A372DB12-D82F-4380-9707-5A38F38DDD68}.iOS|Mixed Platforms.Build.0 = Debug|Any CPU
		{A372DB12-D82F-4380-9707-5A38F38DDD68}.iOS|x86.ActiveCfg = Release|Any CPU
		{A372DB12-D82F-4380-9707-5A38F38DDD68}.Net20|Any CPU.ActiveCfg = Release|Any CPU
		{A372DB12-D82F-4380-9707-5A38F38DDD68}.Net20|Any CPU.Build.0 = Release|Any CPU
		{A372DB12-D82F-4380-9707-5A38F38DDD68}.Net20|Mixed Platforms.ActiveCfg = Debug|Any CPU
		{A372DB12-D82F-4380-9707-5A38F38DDD68}.Net20|Mixed Platforms.Build.0 = Debug|Any CPU
		{A372DB12-D82F-4380-9707-5A38F38DDD68}.Net20|x86.ActiveCfg = Release|Any CPU
		{A372DB12-D82F-4380-9707-5A38F38DDD68}.Profile|Any CPU.ActiveCfg = Release|Any CPU
		{A372DB12-D82F-4380-9707-5A38F38DDD68}.Profile|Any CPU.Build.0 = Release|Any CPU
		{A372DB12-D82F-4380-9707-5A38F38DDD68}.Profile|Mixed Platforms.ActiveCfg = Debug|Any CPU
		{A372DB12-D82F-4380-9707-5A38F38DDD68}.Profile|Mixed Platforms.Build.0 = Debug|Any CPU
		{A372DB12-D82F-4380-9707-5A38F38DDD68}.Profile|x86.ActiveCfg = Release|Any CPU
		{A372DB12-D82F-4380-9707-5A38F38DDD68}.Release|Any CPU.ActiveCfg = Release|Any CPU
		{A372DB12-D82F-4380-9707-5A38F38DDD68}.Release|Any CPU.Build.0 = Release|Any CPU
		{A372DB12-D82F-4380-9707-5A38F38DDD68}.Release|Mixed Platforms.ActiveCfg = Release|Any CPU
		{A372DB12-D82F-4380-9707-5A38F38DDD68}.Release|Mixed Platforms.Build.0 = Release|Any CPU
		{A372DB12-D82F-4380-9707-5A38F38DDD68}.Release|x86.ActiveCfg = Release|Any CPU
		{A372DB12-D82F-4380-9707-5A38F38DDD68}.Silverlight2|Any CPU.ActiveCfg = Release|Any CPU
		{A372DB12-D82F-4380-9707-5A38F38DDD68}.Silverlight2|Any CPU.Build.0 = Release|Any CPU
		{A372DB12-D82F-4380-9707-5A38F38DDD68}.Silverlight2|Mixed Platforms.ActiveCfg = Debug|Any CPU
		{A372DB12-D82F-4380-9707-5A38F38DDD68}.Silverlight2|Mixed Platforms.Build.0 = Debug|Any CPU
		{A372DB12-D82F-4380-9707-5A38F38DDD68}.Silverlight2|x86.ActiveCfg = Release|Any CPU
		{A372DB12-D82F-4380-9707-5A38F38DDD68}.Unity|Any CPU.ActiveCfg = Release|Any CPU
		{A372DB12-D82F-4380-9707-5A38F38DDD68}.Unity|Any CPU.Build.0 = Release|Any CPU
		{A372DB12-D82F-4380-9707-5A38F38DDD68}.Unity|Mixed Platforms.ActiveCfg = Debug|Any CPU
		{A372DB12-D82F-4380-9707-5A38F38DDD68}.Unity|Mixed Platforms.Build.0 = Debug|Any CPU
		{A372DB12-D82F-4380-9707-5A38F38DDD68}.Unity|x86.ActiveCfg = Release|Any CPU
		{49B5717D-3394-46D1-8BE3-D78BB4734F1C}.CoreOnly|Any CPU.ActiveCfg = Release|Any CPU
		{49B5717D-3394-46D1-8BE3-D78BB4734F1C}.CoreOnly|Any CPU.Build.0 = Release|Any CPU
		{49B5717D-3394-46D1-8BE3-D78BB4734F1C}.CoreOnly|Mixed Platforms.ActiveCfg = Debug|Any CPU
		{49B5717D-3394-46D1-8BE3-D78BB4734F1C}.CoreOnly|Mixed Platforms.Build.0 = Debug|Any CPU
		{49B5717D-3394-46D1-8BE3-D78BB4734F1C}.CoreOnly|x86.ActiveCfg = Release|Any CPU
		{49B5717D-3394-46D1-8BE3-D78BB4734F1C}.Debug|Any CPU.ActiveCfg = Debug|Any CPU
		{49B5717D-3394-46D1-8BE3-D78BB4734F1C}.Debug|Any CPU.Build.0 = Debug|Any CPU
		{49B5717D-3394-46D1-8BE3-D78BB4734F1C}.Debug|Mixed Platforms.ActiveCfg = Debug|Any CPU
		{49B5717D-3394-46D1-8BE3-D78BB4734F1C}.Debug|Mixed Platforms.Build.0 = Debug|Any CPU
		{49B5717D-3394-46D1-8BE3-D78BB4734F1C}.Debug|x86.ActiveCfg = Debug|Any CPU
		{49B5717D-3394-46D1-8BE3-D78BB4734F1C}.iOS|Any CPU.ActiveCfg = Release|Any CPU
		{49B5717D-3394-46D1-8BE3-D78BB4734F1C}.iOS|Any CPU.Build.0 = Release|Any CPU
		{49B5717D-3394-46D1-8BE3-D78BB4734F1C}.iOS|Mixed Platforms.ActiveCfg = Debug|Any CPU
		{49B5717D-3394-46D1-8BE3-D78BB4734F1C}.iOS|Mixed Platforms.Build.0 = Debug|Any CPU
		{49B5717D-3394-46D1-8BE3-D78BB4734F1C}.iOS|x86.ActiveCfg = Release|Any CPU
		{49B5717D-3394-46D1-8BE3-D78BB4734F1C}.Net20|Any CPU.ActiveCfg = Release|Any CPU
		{49B5717D-3394-46D1-8BE3-D78BB4734F1C}.Net20|Any CPU.Build.0 = Release|Any CPU
		{49B5717D-3394-46D1-8BE3-D78BB4734F1C}.Net20|Mixed Platforms.ActiveCfg = Debug|Any CPU
		{49B5717D-3394-46D1-8BE3-D78BB4734F1C}.Net20|Mixed Platforms.Build.0 = Debug|Any CPU
		{49B5717D-3394-46D1-8BE3-D78BB4734F1C}.Net20|x86.ActiveCfg = Release|Any CPU
		{49B5717D-3394-46D1-8BE3-D78BB4734F1C}.Profile|Any CPU.ActiveCfg = Release|Any CPU
		{49B5717D-3394-46D1-8BE3-D78BB4734F1C}.Profile|Any CPU.Build.0 = Release|Any CPU
		{49B5717D-3394-46D1-8BE3-D78BB4734F1C}.Profile|Mixed Platforms.ActiveCfg = Debug|Any CPU
		{49B5717D-3394-46D1-8BE3-D78BB4734F1C}.Profile|Mixed Platforms.Build.0 = Debug|Any CPU
		{49B5717D-3394-46D1-8BE3-D78BB4734F1C}.Profile|x86.ActiveCfg = Release|Any CPU
		{49B5717D-3394-46D1-8BE3-D78BB4734F1C}.Release|Any CPU.ActiveCfg = Release|Any CPU
		{49B5717D-3394-46D1-8BE3-D78BB4734F1C}.Release|Any CPU.Build.0 = Release|Any CPU
		{49B5717D-3394-46D1-8BE3-D78BB4734F1C}.Release|Mixed Platforms.ActiveCfg = Release|Any CPU
		{49B5717D-3394-46D1-8BE3-D78BB4734F1C}.Release|Mixed Platforms.Build.0 = Release|Any CPU
		{49B5717D-3394-46D1-8BE3-D78BB4734F1C}.Release|x86.ActiveCfg = Release|Any CPU
		{49B5717D-3394-46D1-8BE3-D78BB4734F1C}.Silverlight2|Any CPU.ActiveCfg = Release|Any CPU
		{49B5717D-3394-46D1-8BE3-D78BB4734F1C}.Silverlight2|Any CPU.Build.0 = Release|Any CPU
		{49B5717D-3394-46D1-8BE3-D78BB4734F1C}.Silverlight2|Mixed Platforms.ActiveCfg = Debug|Any CPU
		{49B5717D-3394-46D1-8BE3-D78BB4734F1C}.Silverlight2|Mixed Platforms.Build.0 = Debug|Any CPU
		{49B5717D-3394-46D1-8BE3-D78BB4734F1C}.Silverlight2|x86.ActiveCfg = Release|Any CPU
		{49B5717D-3394-46D1-8BE3-D78BB4734F1C}.Unity|Any CPU.ActiveCfg = Release|Any CPU
		{49B5717D-3394-46D1-8BE3-D78BB4734F1C}.Unity|Any CPU.Build.0 = Release|Any CPU
		{49B5717D-3394-46D1-8BE3-D78BB4734F1C}.Unity|Mixed Platforms.ActiveCfg = Debug|Any CPU
		{49B5717D-3394-46D1-8BE3-D78BB4734F1C}.Unity|Mixed Platforms.Build.0 = Debug|Any CPU
		{49B5717D-3394-46D1-8BE3-D78BB4734F1C}.Unity|x86.ActiveCfg = Release|Any CPU
		{DB81988F-E0F2-45A0-A1FD-8C37F3D35244}.CoreOnly|Any CPU.ActiveCfg = Release|Any CPU
		{DB81988F-E0F2-45A0-A1FD-8C37F3D35244}.CoreOnly|Any CPU.Build.0 = Release|Any CPU
		{DB81988F-E0F2-45A0-A1FD-8C37F3D35244}.CoreOnly|Mixed Platforms.ActiveCfg = Release|Any CPU
		{DB81988F-E0F2-45A0-A1FD-8C37F3D35244}.CoreOnly|Mixed Platforms.Build.0 = Release|Any CPU
		{DB81988F-E0F2-45A0-A1FD-8C37F3D35244}.CoreOnly|x86.ActiveCfg = Release|Any CPU
		{DB81988F-E0F2-45A0-A1FD-8C37F3D35244}.Debug|Any CPU.ActiveCfg = Debug|Any CPU
		{DB81988F-E0F2-45A0-A1FD-8C37F3D35244}.Debug|Any CPU.Build.0 = Debug|Any CPU
		{DB81988F-E0F2-45A0-A1FD-8C37F3D35244}.Debug|Mixed Platforms.ActiveCfg = Debug|Any CPU
		{DB81988F-E0F2-45A0-A1FD-8C37F3D35244}.Debug|Mixed Platforms.Build.0 = Debug|Any CPU
		{DB81988F-E0F2-45A0-A1FD-8C37F3D35244}.Debug|x86.ActiveCfg = Debug|Any CPU
		{DB81988F-E0F2-45A0-A1FD-8C37F3D35244}.iOS|Any CPU.ActiveCfg = Release|Any CPU
		{DB81988F-E0F2-45A0-A1FD-8C37F3D35244}.iOS|Any CPU.Build.0 = Release|Any CPU
		{DB81988F-E0F2-45A0-A1FD-8C37F3D35244}.iOS|Mixed Platforms.ActiveCfg = Release|Any CPU
		{DB81988F-E0F2-45A0-A1FD-8C37F3D35244}.iOS|Mixed Platforms.Build.0 = Release|Any CPU
		{DB81988F-E0F2-45A0-A1FD-8C37F3D35244}.iOS|x86.ActiveCfg = Release|Any CPU
		{DB81988F-E0F2-45A0-A1FD-8C37F3D35244}.Net20|Any CPU.ActiveCfg = Release|Any CPU
		{DB81988F-E0F2-45A0-A1FD-8C37F3D35244}.Net20|Any CPU.Build.0 = Release|Any CPU
		{DB81988F-E0F2-45A0-A1FD-8C37F3D35244}.Net20|Mixed Platforms.ActiveCfg = Release|Any CPU
		{DB81988F-E0F2-45A0-A1FD-8C37F3D35244}.Net20|Mixed Platforms.Build.0 = Release|Any CPU
		{DB81988F-E0F2-45A0-A1FD-8C37F3D35244}.Net20|x86.ActiveCfg = Release|Any CPU
		{DB81988F-E0F2-45A0-A1FD-8C37F3D35244}.Profile|Any CPU.ActiveCfg = Release|Any CPU
		{DB81988F-E0F2-45A0-A1FD-8C37F3D35244}.Profile|Any CPU.Build.0 = Release|Any CPU
		{DB81988F-E0F2-45A0-A1FD-8C37F3D35244}.Profile|Mixed Platforms.ActiveCfg = Release|Any CPU
		{DB81988F-E0F2-45A0-A1FD-8C37F3D35244}.Profile|Mixed Platforms.Build.0 = Release|Any CPU
		{DB81988F-E0F2-45A0-A1FD-8C37F3D35244}.Profile|x86.ActiveCfg = Release|Any CPU
		{DB81988F-E0F2-45A0-A1FD-8C37F3D35244}.Release|Any CPU.ActiveCfg = Release|Any CPU
		{DB81988F-E0F2-45A0-A1FD-8C37F3D35244}.Release|Any CPU.Build.0 = Release|Any CPU
		{DB81988F-E0F2-45A0-A1FD-8C37F3D35244}.Release|Mixed Platforms.ActiveCfg = Release|Any CPU
		{DB81988F-E0F2-45A0-A1FD-8C37F3D35244}.Release|Mixed Platforms.Build.0 = Release|Any CPU
		{DB81988F-E0F2-45A0-A1FD-8C37F3D35244}.Release|x86.ActiveCfg = Release|Any CPU
		{DB81988F-E0F2-45A0-A1FD-8C37F3D35244}.Silverlight2|Any CPU.ActiveCfg = Release|Any CPU
		{DB81988F-E0F2-45A0-A1FD-8C37F3D35244}.Silverlight2|Any CPU.Build.0 = Release|Any CPU
		{DB81988F-E0F2-45A0-A1FD-8C37F3D35244}.Silverlight2|Mixed Platforms.ActiveCfg = Release|Any CPU
		{DB81988F-E0F2-45A0-A1FD-8C37F3D35244}.Silverlight2|Mixed Platforms.Build.0 = Release|Any CPU
		{DB81988F-E0F2-45A0-A1FD-8C37F3D35244}.Silverlight2|x86.ActiveCfg = Release|Any CPU
		{DB81988F-E0F2-45A0-A1FD-8C37F3D35244}.Unity|Any CPU.ActiveCfg = Release|Any CPU
		{DB81988F-E0F2-45A0-A1FD-8C37F3D35244}.Unity|Any CPU.Build.0 = Release|Any CPU
		{DB81988F-E0F2-45A0-A1FD-8C37F3D35244}.Unity|Mixed Platforms.ActiveCfg = Release|Any CPU
		{DB81988F-E0F2-45A0-A1FD-8C37F3D35244}.Unity|Mixed Platforms.Build.0 = Release|Any CPU
		{DB81988F-E0F2-45A0-A1FD-8C37F3D35244}.Unity|x86.ActiveCfg = Release|Any CPU
	EndGlobalSection
	GlobalSection(SolutionProperties) = preSolution
		HideSolutionNode = FALSE
	EndGlobalSection
EndGlobal
